
Microsoft Visual Studio Solution File, Format Version 12.00
# Visual Studio Version 16
VisualStudioVersion = 16.0.31424.327
MinimumVisualStudioVersion = 10.0.40219.1
Project("{FAE04EC0-301F-11D3-BF4B-00C04F79EFBC}") = "ConvertNFA_TO_DFA", "ConvertNFA_TO_DFA\ConvertNFA_TO_DFA.csproj", "{C9B13701-F328-476F-9DE3-AB65CC71AC74}"
EndProject
Global
	GlobalSection(SolutionConfigurationPlatforms) = preSolution
		Debug|Any CPU = Debug|Any CPU
		Release|Any CPU = Release|Any CPU
	EndGlobalSection
	GlobalSection(ProjectConfigurationPlatforms) = postSolution
		{C9B13701-F328-476F-9DE3-AB65CC71AC74}.Debug|Any CPU.ActiveCfg = Debug|Any CPU
		{C9B13701-F328-476F-9DE3-AB65CC71AC74}.Debug|Any CPU.Build.0 = Debug|Any CPU
		{C9B13701-F328-476F-9DE3-AB65CC71AC74}.Release|Any CPU.ActiveCfg = Release|Any CPU
		{C9B13701-F328-476F-9DE3-AB65CC71AC74}.Release|Any CPU.Build.0 = Release|Any CPU
	EndGlobalSection
	GlobalSection(SolutionProperties) = preSolution
		HideSolutionNode = FALSE
	EndGlobalSection
	GlobalSection(ExtensibilityGlobals) = postSolution
		SolutionGuid = {5628F985-882E-47A4-8DE7-DF0A1E07D2FA}
	EndGlobalSection
EndGlobal
